
Microsoft Visual Studio Solution File, Format Version 12.00
# Visual Studio Version 17
VisualStudioVersion = 17.13.35825.156 d17.13
MinimumVisualStudioVersion = 10.0.40219.1
Project("{FAE04EC0-301F-11D3-BF4B-00C04F79EFBC}") = "EmployeeAttendanceSystem", "EmployeeAttendanceSystem.csproj", "{57BC60C7-581D-484C-8251-A6CCF3A48FC9}"
EndProject
Global
	GlobalSection(SolutionConfigurationPlatforms) = preSolution
		Debug|Any CPU = Debug|Any CPU
		Release|Any CPU = Release|Any CPU
	EndGlobalSection
	GlobalSection(ProjectConfigurationPlatforms) = postSolution
		{57BC60C7-581D-484C-8251-A6CCF3A48FC9}.Debug|Any CPU.ActiveCfg = Debug|Any CPU
		{57BC60C7-581D-484C-8251-A6CCF3A48FC9}.Debug|Any CPU.Build.0 = Debug|Any CPU
		{57BC60C7-581D-484C-8251-A6CCF3A48FC9}.Release|Any CPU.ActiveCfg = Release|Any CPU
		{57BC60C7-581D-484C-8251-A6CCF3A48FC9}.Release|Any CPU.Build.0 = Release|Any CPU
	EndGlobalSection
	GlobalSection(SolutionProperties) = preSolution
		HideSolutionNode = FALSE
	EndGlobalSection
	GlobalSection(ExtensibilityGlobals) = postSolution
		SolutionGuid = {22AE39D7-69E4-4296-B16A-4E80338A21F1}
	EndGlobalSection
EndGlobal
